
Microsoft Visual Studio Solution File, Format Version 12.00
# Visual Studio 15
VisualStudioVersion = 15.0.28010.2026
MinimumVisualStudioVersion = 10.0.40219.1
Project("{FAE04EC0-301F-11D3-BF4B-00C04F79EFBC}") = "Login Sceen", "Login Sceen\Login Sceen.csproj", "{C0F1F1C3-4D1F-4177-B3A5-57E9BC00D8D8}"
EndProject
Global
	GlobalSection(SolutionConfigurationPlatforms) = preSolution
		Debug|Any CPU = Debug|Any CPU
		Release|Any CPU = Release|Any CPU
	EndGlobalSection
	GlobalSection(ProjectConfigurationPlatforms) = postSolution
		{C0F1F1C3-4D1F-4177-B3A5-57E9BC00D8D8}.Debug|Any CPU.ActiveCfg = Debug|Any CPU
		{C0F1F1C3-4D1F-4177-B3A5-57E9BC00D8D8}.Debug|Any CPU.Build.0 = Debug|Any CPU
		{C0F1F1C3-4D1F-4177-B3A5-57E9BC00D8D8}.Release|Any CPU.ActiveCfg = Release|Any CPU
		{C0F1F1C3-4D1F-4177-B3A5-57E9BC00D8D8}.Release|Any CPU.Build.0 = Release|Any CPU
	EndGlobalSection
	GlobalSection(SolutionProperties) = preSolution
		HideSolutionNode = FALSE
	EndGlobalSection
	GlobalSection(ExtensibilityGlobals) = postSolution
		SolutionGuid = {250EFBCD-879B-4C7B-8D43-56F2270423F8}
	EndGlobalSection
EndGlobal
